// !$*UTF8*$!
{
	archiveVersion = 1;
	classes = {
	};
	objectVersion = 46;
	objects = {

/* Begin PBXBuildFile section */
		34841EFC1CEF4D3600928331 /* AppDelegate.swift in Sources */ = {isa = PBXBuildFile; fileRef = 34841EFB1CEF4D3600928331 /* AppDelegate.swift */; };
		34841EFE1CEF4D3600928331 /* ViewController.swift in Sources */ = {isa = PBXBuildFile; fileRef = 34841EFD1CEF4D3600928331 /* ViewController.swift */; };
		34841F011CEF4D3600928331 /* Main.storyboard in Resources */ = {isa = PBXBuildFile; fileRef = 34841EFF1CEF4D3600928331 /* Main.storyboard */; };
		34841F031CEF4D3600928331 /* Assets.xcassets in Resources */ = {isa = PBXBuildFile; fileRef = 34841F021CEF4D3600928331 /* Assets.xcassets */; };
		34841F061CEF4D3600928331 /* LaunchScreen.storyboard in Resources */ = {isa = PBXBuildFile; fileRef = 34841F041CEF4D3600928331 /* LaunchScreen.storyboard */; };
/* End PBXBuildFile section */

/* Begin PBXFileReference section */
		34841EF81CEF4D3600928331 /* Parking.app */ = {isa = PBXFileReference; explicitFileType = wrapper.application; includeInIndex = 0; path = Parking.app; sourceTree = BUILT_PRODUCTS_DIR; };
		34841EFB1CEF4D3600928331 /* AppDelegate.swift */ = {isa = PBXFileReference; lastKnownFileType = sourcecode.swift; path = AppDelegate.swift; sourceTree = "<group>"; };
		34841EFD1CEF4D3600928331 /* ViewController.swift */ = {isa = PBXFileReference; lastKnownFileType = sourcecode.swift; path = ViewController.swift; sourceTree = "<group>"; };
		34841F001CEF4D3600928331 /* Base */ = {isa = PBXFileReference; lastKnownFileType = file.storyboard; name = Base; path = Base.lproj/Main.storyboard; sourceTree = "<group>"; };
		34841F021CEF4D3600928331 /* Assets.xcassets */ = {isa = PBXFileReference; lastKnownFileType = folder.assetcatalog; path = Assets.xcassets; sourceTree = "<group>"; };
		34841F051CEF4D3600928331 /* Base */ = {isa = PBXFileReference; lastKnownFileType = file.storyboard; name = Base; path = Base.lproj/LaunchScreen.storyboard; sourceTree = "<group>"; };
		34841F071CEF4D3600928331 /* Info.plist */ = {isa = PBXFileReference; lastKnownFileType = text.plist.xml; path = Info.plist; sourceTree = "<group>"; };
/* End PBXFileReference section */

/* Begin PBXFrameworksBuildPhase section */
		34841EF51CEF4D3600928331 /* Frameworks */ = {
			isa = PBXFrameworksBuildPhase;
			buildActionMask = 2147483647;
			files = (
			);
			runOnlyForDeploymentPostprocessing = 0;
		};
/* End PBXFrameworksBuildPhase section */

/* Begin PBXGroup section */
		34841EEF1CEF4D3600928331 = {
			isa = PBXGroup;
			children = (
				34841EFA1CEF4D3600928331 /* Parking */,
				34841EF91CEF4D3600928331 /* Products */,
			);
			sourceTree = "<group>";
		};
		34841EF91CEF4D3600928331 /* Products */ = {
			isa = PBXGroup;
			children = (
				34841EF81CEF4D3600928331 /* Parking.app */,
			);
			name = Products;
			sourceTree = "<group>";
		};
		34841EFA1CEF4D3600928331 /* Parking */ = {
			isa = PBXGroup;
			children = (
				34841EFB1CEF4D3600928331 /* AppDelegate.swift */,
				34841EFD1CEF4D3600928331 /* ViewController.swift */,
				34841EFF1CEF4D3600928331 /* Main.storyboard */,
				34841F021CEF4D3600928331 /* Assets.xcassets */,
				34841F041CEF4D3600928331 /* LaunchScreen.storyboard */,
				34841F071CEF4D3600928331 /* Info.plist */,
			);
			path = Parking;
			sourceTree = "<group>";
		};
/* End PBXGroup section */

/* Begin PBXNativeTarget section */
		34841EF71CEF4D3600928331 /* Parking */ = {
			isa = PBXNativeTarget;
			buildConfigurationList = 34841F0A1CEF4D3600928331 /* Build configuration list for PBXNativeTarget "Parking" */;
			buildPhases = (
				34841EF41CEF4D3600928331 /* Sources */,
				34841EF51CEF4D3600928331 /* Frameworks */,
				34841EF61CEF4D3600928331 /* Resources */,
			);
			buildRules = (
			);
			dependencies = (
			);
			name = Parking;
			productName = Parking;
			productReference = 34841EF81CEF4D3600928331 /* Parking.app */;
			productType = "com.apple.product-type.application";
		};
/* End PBXNativeTarget section */

/* Begin PBXProject section */
		34841EF01CEF4D3600928331 /* Project object */ = {
			isa = PBXProject;
			attributes = {
				LastSwiftUpdateCheck = 0720;
				LastUpgradeCheck = 0720;
				ORGANIZATIONNAME = "Matthew Pritchard";
				TargetAttributes = {
					34841EF71CEF4D3600928331 = {
						CreatedOnToolsVersion = 7.2;
					};
				};
			};
			buildConfigurationList = 34841EF31CEF4D3600928331 /* Build configuration list for PBXProject "Parking" */;
			compatibilityVersion = "Xcode 3.2";
			developmentRegion = English;
			hasScannedForEncodings = 0;
			knownRegions = (
				en,
				Base,
			);
			mainGroup = 34841EEF1CEF4D3600928331;
			productRefGroup = 34841EF91CEF4D3600928331 /* Products */;
			projectDirPath = "";
			projectRoot = "";
			targets = (
				34841EF71CEF4D3600928331 /* Parking */,
			);
		};
/* End PBXProject section */

/* Begin PBXResourcesBuildPhase section */
		34841EF61CEF4D3600928331 /* Resources */ = {
			isa = PBXResourcesBuildPhase;
			buildActionMask = 2147483647;
			files = (
				34841F061CEF4D3600928331 /* LaunchScreen.storyboard in Resources */,
				34841F031CEF4D3600928331 /* Assets.xcassets in Resources */,
				34841F011CEF4D3600928331 /* Main.storyboard in Resources */,
			);
			runOnlyForDeploymentPostprocessing = 0;
		};
/* End PBXResourcesBuildPhase section */

/* Begin PBXSourcesBuildPhase section */
		34841EF41CEF4D3600928331 /* Sources */ = {
			isa = PBXSourcesBuildPhase;
			buildActionMask = 2147483647;
			files = (
				34841EFE1CEF4D3600928331 /* ViewController.swift in Sources */,
				34841EFC1CEF4D3600928331 /* AppDelegate.swift in Sources */,
			);
			runOnlyForDeploymentPostprocessing = 0;
		};
/* End PBXSourcesBuildPhase section */

/* Begin PBXVariantGroup section */
		34841EFF1CEF4D3600928331 /* Main.storyboard */ = {
			isa = PBXVariantGroup;
			children = (
				34841F001CEF4D3600928331 /* Base */,
			);
			name = Main.storyboard;
			sourceTree = "<group>";
		};
		34841F041CEF4D3600928331 /* LaunchScreen.storyboard */ = {
			isa = PBXVariantGroup;
			children = (
				34841F051CEF4D3600928331 /* Base */,
			);
			name = LaunchScreen.storyboard;
			sourceTree = "<group>";
		};
/* End PBXVariantGroup section */

/* Begin XCBuildConfiguration section */
		34841F081CEF4D3600928331 /* Debug */ = {
			isa = XCBuildConfiguration;
			buildSettings = {
				ALWAYS_SEARCH_USER_PATHS = NO;
				CLANG_CXX_LANGUAGE_STANDARD = "gnu++0x";
				CLANG_CXX_LIBRARY = "libc++";
				CLANG_ENABLE_MODULES = YES;
				CLANG_ENABLE_OBJC_ARC = YES;
				CLANG_WARN_BOOL_CONVERSION = YES;
				CLANG_WARN_CONSTANT_CONVERSION = YES;
				CLANG_WARN_DIRECT_OBJC_ISA_USAGE = YES_ERROR;
				CLANG_WARN_EMPTY_BODY = YES;
				CLANG_WARN_ENUM_CONVERSION = YES;
				CLANG_WARN_INT_CONVERSION = YES;
				CLANG_WARN_OBJC_ROOT_CLASS = YES_ERROR;
				CLANG_WARN_UNREACHABLE_CODE = YES;
				CLANG_WARN__DUPLICATE_METHOD_MATCH = YES;
				"CODE_SIGN_IDENTITY[sdk=iphoneos*]" = "iPhone Developer";
				COPY_PHASE_STRIP = NO;
				DEBUG_INFORMATION_FORMAT = dwarf;
				ENABLE_STRICT_OBJC_MSGSEND = YES;
				ENABLE_TESTABILITY = YES;
				GCC_C_LANGUAGE_STANDARD = gnu99;
				GCC_DYNAMIC_NO_PIC = NO;
				GCC_NO_COMMON_BLOCKS = YES;
				GCC_OPTIMIZATION_LEVEL = 0;
				GCC_PREPROCESSOR_DEFINITIONS = (
					"DEBUG=1",
					"$(inherited)",
				);
				GCC_WARN_64_TO_32_BIT_CONVERSION = YES;
				GCC_WARN_ABOUT_RETURN_TYPE = YES_ERROR;
				GCC_WARN_UNDECLARED_SELECTOR = YES;
				GCC_WARN_UNINITIALIZED_AUTOS = YES_AGGRESSIVE;
				GCC_WARN_UNUSED_FUNCTION = YES;
				GCC_WARN_UNUSED_VARIABLE = YES;
				IPHONEOS_DEPLOYMENT_TARGET = 9.2;
				MTL_ENABLE_DEBUG_INFO = YES;
				ONLY_ACTIVE_ARCH = YES;
				SDKROOT = iphoneos;
				SWIFT_OPTIMIZATION_LEVEL = "-Onone";
			};
			name = Debug;
		};
		34841F091CEF4D3600928331 /* Release */ = {
			isa = XCBuildConfiguration;
			buildSettings = {
				ALWAYS_SEARCH_USER_PATHS = NO;
				CLANG_CXX_LANGUAGE_STANDARD = "gnu++0x";
				CLANG_CXX_LIBRARY = "libc++";
				CLANG_ENABLE_MODULES = YES;
				CLANG_ENABLE_OBJC_ARC = YES;
				CLANG_WARN_BOOL_CONVERSION = YES;
				CLANG_WARN_CONSTANT_CONVERSION = YES;
				CLANG_WARN_DIRECT_OBJC_ISA_USAGE = YES_ERROR;
				CLANG_WARN_EMPTY_BODY = YES;
				CLANG_WARN_ENUM_CONVERSION = YES;
				CLANG_WARN_INT_CONVERSION = YES;
				CLANG_WARN_OBJC_ROOT_CLASS = YES_ERROR;
				CLANG_WARN_UNREACHABLE_CODE = YES;
				CLANG_WARN__DUPLICATE_METHOD_MATCH = YES;
				"CODE_SIGN_IDENTITY[sdk=iphoneos*]" = "iPhone Developer";
				COPY_PHASE_STRIP = NO;
				DEBUG_INFORMATION_FORMAT = "dwarf-with-dsym";
				ENABLE_NS_ASSERTIONS = NO;
				ENABLE_STRICT_OBJC_MSGSEND = YES;
				GCC_C_LANGUAGE_STANDARD = gnu99;
				GCC_NO_COMMON_BLOCKS = YES;
				GCC_WARN_64_TO_32_BIT_CONVERSION = YES;
				GCC_WARN_ABOUT_RETURN_TYPE = YES_ERROR;
				GCC_WARN_UNDECLARED_SELECTOR = YES;
				GCC_WARN_UNINITIALIZED_AUTOS = YES_AGGRESSIVE;
				GCC_WARN_UNUSED_FUNCTION = YES;
				GCC_WARN_UNUSED_VARIABLE = YES;
				IPHONEOS_DEPLOYMENT_TARGET = 9.2;
				MTL_ENABLE_DEBUG_INFO = NO;
				SDKROOT = iphoneos;
				VALIDATE_PRODUCT = YES;
			};
			name = Release;
		};
		34841F0B1CEF4D3600928331 /* Debug */ = {
			isa = XCBuildConfiguration;
			buildSettings = {
				ASSETCATALOG_COMPILER_APPICON_NAME = AppIcon;
				INFOPLIST_FILE = Parking/Info.plist;
				LD_RUNPATH_SEARCH_PATHS = "$(inherited) @executable_path/Frameworks";
				PRODUCT_BUNDLE_IDENTIFIER = Softwareclass.Parking;
				PRODUCT_NAME = "$(TARGET_NAME)";
			};
			name = Debug;
		};
		34841F0C1CEF4D3600928331 /* Release */ = {
			isa = XCBuildConfiguration;
			buildSettings = {
				ASSETCATALOG_COMPILER_APPICON_NAME = AppIcon;
				INFOPLIST_FILE = Parking/Info.plist;
				LD_RUNPATH_SEARCH_PATHS = "$(inherited) @executable_path/Frameworks";
				PRODUCT_BUNDLE_IDENTIFIER = Softwareclass.Parking;
				PRODUCT_NAME = "$(TARGET_NAME)";
			};
			name = Release;
		};
/* End XCBuildConfiguration section */

/* Begin XCConfigurationList section */
		34841EF31CEF4D3600928331 /* Build configuration list for PBXProject "Parking" */ = {
			isa = XCConfigurationList;
			buildConfigurations = (
				34841F081CEF4D3600928331 /* Debug */,
				34841F091CEF4D3600928331 /* Release */,
			);
			defaultConfigurationIsVisible = 0;
			defaultConfigurationName = Release;
		};
		34841F0A1CEF4D3600928331 /* Build configuration list for PBXNativeTarget "Parking" */ = {
			isa = XCConfigurationList;
			buildConfigurations = (
				34841F0B1CEF4D3600928331 /* Debug */,
				34841F0C1CEF4D3600928331 /* Release */,
			);
			defaultConfigurationIsVisible = 0;
		};
/* End XCConfigurationList section */
	};
	rootObject = 34841EF01CEF4D3600928331 /* Project object */;
}
